
Microsoft Visual Studio Solution File, Format Version 12.00
# Visual Studio Version 16
VisualStudioVersion = 16.0.32413.511
MinimumVisualStudioVersion = 10.0.40219.1
Project("{FAE04EC0-301F-11D3-BF4B-00C04F79EFBC}") = "Summator", "Summator\Summator.csproj", "{50D2E329-5B5B-43E9-8B16-34EA4C5E4F87}"
EndProject
Project("{FAE04EC0-301F-11D3-BF4B-00C04F79EFBC}") = "Summator.Tests", "Summator.Tests\Summator.Tests.csproj", "{DC72651B-1441-41FA-B480-DDF26E30ECAE}"
EndProject
Global
	GlobalSection(SolutionConfigurationPlatforms) = preSolution
		Debug|Any CPU = Debug|Any CPU
		Release|Any CPU = Release|Any CPU
	EndGlobalSection
	GlobalSection(ProjectConfigurationPlatforms) = postSolution
		{50D2E329-5B5B-43E9-8B16-34EA4C5E4F87}.Debug|Any CPU.ActiveCfg = Debug|Any CPU
		{50D2E329-5B5B-43E9-8B16-34EA4C5E4F87}.Debug|Any CPU.Build.0 = Debug|Any CPU
		{50D2E329-5B5B-43E9-8B16-34EA4C5E4F87}.Release|Any CPU.ActiveCfg = Release|Any CPU
		{50D2E329-5B5B-43E9-8B16-34EA4C5E4F87}.Release|Any CPU.Build.0 = Release|Any CPU
		{DC72651B-1441-41FA-B480-DDF26E30ECAE}.Debug|Any CPU.ActiveCfg = Debug|Any CPU
		{DC72651B-1441-41FA-B480-DDF26E30ECAE}.Debug|Any CPU.Build.0 = Debug|Any CPU
		{DC72651B-1441-41FA-B480-DDF26E30ECAE}.Release|Any CPU.ActiveCfg = Release|Any CPU
		{DC72651B-1441-41FA-B480-DDF26E30ECAE}.Release|Any CPU.Build.0 = Release|Any CPU
	EndGlobalSection
	GlobalSection(SolutionProperties) = preSolution
		HideSolutionNode = FALSE
	EndGlobalSection
	GlobalSection(ExtensibilityGlobals) = postSolution
		SolutionGuid = {C506F298-DE15-4301-8784-D46388811E78}
	EndGlobalSection
EndGlobal
